{
  "name": "ReactSeptember",
  "lockfileVersion": 3,
  "requires": true,
  "packages": {
    "": {
      "devDependencies": {
        "sass-embedded": "^1.78.0"
      }
    },
    "node_modules/@bufbuild/protobuf": {
      "version": "1.10.0",
      "resolved": "https://registry.npmjs.org/@bufbuild/protobuf/-/protobuf-1.10.0.tgz",
      "integrity": "sha512-QDdVFLoN93Zjg36NoQPZfsVH9tZew7wKDKyV5qRdj8ntT4wQCOradQjRaTdwMhWUYsgKsvCINKKm87FdEk96Ag==",
      "dev": true
    },
    "node_modules/buffer-builder": {
      "version": "0.2.0",
      "resolved": "https://registry.npmjs.org/buffer-builder/-/buffer-builder-0.2.0.tgz",
      "integrity": "sha512-7VPMEPuYznPSoR21NE1zvd2Xna6c/CloiZCfcMXR1Jny6PjX0N4Nsa38zcBFo/FMK+BlA+FLKbJCQ0i2yxp+Xg==",
      "dev": true
    },
    "node_modules/has-flag": {
      "version": "4.0.0",
      "resolved": "https://registry.npmjs.org/has-flag/-/has-flag-4.0.0.tgz",
      "integrity": "sha512-EykJT/Q1KjTWctppgIAgfSO0tKVuZUjhgMr17kqTumMl6Afv3EISleU7qZUzoXDFTAHTDC4NOoG/ZxU3EvlMPQ==",
      "dev": true,
      "engines": {
        "node": ">=8"
      }
    },
    "node_modules/immutable": {
      "version": "4.3.7",
      "resolved": "https://registry.npmjs.org/immutable/-/immutable-4.3.7.tgz",
      "integrity": "sha512-1hqclzwYwjRDFLjcFxOM5AYkkG0rpFPpr1RLPMEuGczoS7YA8gLhy8SWXYRAA/XwfEHpfo3cw5JGioS32fnMRw==",
      "dev": true
    },
    "node_modules/rxjs": {
      "version": "7.8.1",
      "resolved": "https://registry.npmjs.org/rxjs/-/rxjs-7.8.1.tgz",
      "integrity": "sha512-AA3TVj+0A2iuIoQkWEK/tqFjBq2j+6PO6Y0zJcvzLAFhEFIO3HL0vls9hWLncZbAAbK0mar7oZ4V079I/qPMxg==",
      "dev": true,
      "dependencies": {
        "tslib": "^2.1.0"
      }
    },
    "node_modules/sass-embedded": {
      "version": "1.78.0",
      "resolved": "https://registry.npmjs.org/sass-embedded/-/sass-embedded-1.78.0.tgz",
      "integrity": "sha512-NR2kvhWVFABmBm0AqgFw9OweQycs0Qs+/teJ9Su+BUY7up+f8S5F/Zi+7QtAqJlewsQyUNfzm1vRuM+20lBwRQ==",
      "dev": true,
      "dependencies": {
        "@bufbuild/protobuf": "^1.0.0",
        "buffer-builder": "^0.2.0",
        "immutable": "^4.0.0",
        "rxjs": "^7.4.0",
        "supports-color": "^8.1.1",
        "varint": "^6.0.0"
      },
      "bin": {
        "sass": "dist/bin/sass.js"
      },
      "engines": {
        "node": ">=16.0.0"
      },
      "optionalDependencies": {
        "sass-embedded-android-arm": "1.78.0",
        "sass-embedded-android-arm64": "1.78.0",
        "sass-embedded-android-ia32": "1.78.0",
        "sass-embedded-android-riscv64": "1.78.0",
        "sass-embedded-android-x64": "1.78.0",
        "sass-embedded-darwin-arm64": "1.78.0",
        "sass-embedded-darwin-x64": "1.78.0",
        "sass-embedded-linux-arm": "1.78.0",
        "sass-embedded-linux-arm64": "1.78.0",
        "sass-embedded-linux-ia32": "1.78.0",
        "sass-embedded-linux-musl-arm": "1.78.0",
        "sass-embedded-linux-musl-arm64": "1.78.0",
        "sass-embedded-linux-musl-ia32": "1.78.0",
        "sass-embedded-linux-musl-riscv64": "1.78.0",
        "sass-embedded-linux-musl-x64": "1.78.0",
        "sass-embedded-linux-riscv64": "1.78.0",
        "sass-embedded-linux-x64": "1.78.0",
        "sass-embedded-win32-arm64": "1.78.0",
        "sass-embedded-win32-ia32": "1.78.0",
        "sass-embedded-win32-x64": "1.78.0"
      }
    },
    "node_modules/sass-embedded-android-arm": {
      "version": "1.78.0",
      "resolved": "https://registry.npmjs.org/sass-embedded-android-arm/-/sass-embedded-android-arm-1.78.0.tgz",
      "integrity": "sha512-YM6nrmKsj+ImaSTd96F+jzbWSbhPkRN4kedbLgIJ5FsILNa9NAqhmrCQz9pdcjuAhyfxWImdUACsT23CPGENZQ==",
      "cpu": [
        "arm"
      ],
      "dev": true,
      "optional": true,
      "os": [
        "android"
      ],
      "engines": {
        "node": ">=14.0.0"
      }
    },
    "node_modules/sass-embedded-android-arm64": {
      "version": "1.78.0",
      "resolved": "https://registry.npmjs.org/sass-embedded-android-arm64/-/sass-embedded-android-arm64-1.78.0.tgz",
      "integrity": "sha512-2sAr11EgwPudAuyk4Ite+fWGYJspiFSiZDU2D8/vjjI7BaB9FG6ksYqww3svoMMnjPUWBCjKPDELpZTxViLJbw==",
      "cpu": [
        "arm64"
      ],
      "dev": true,
      "optional": true,
      "os": [
        "android"
      ],
      "engines": {
        "node": ">=14.0.0"
      }
    },
    "node_modules/sass-embedded-android-ia32": {
      "version": "1.78.0",
      "resolved": "https://registry.npmjs.org/sass-embedded-android-ia32/-/sass-embedded-android-ia32-1.78.0.tgz",
      "integrity": "sha512-TyJOo4TgnHpOfC/PfqCBqd+jGRanWoRd4Br/0KAfIvaIFjTGIPdk26vUyDVugV1J8QUEY4INGE8EXAuDeRldUQ==",
      "cpu": [
        "ia32"
      ],
      "dev": true,
      "optional": true,
      "os": [
        "android"
      ],
      "engines": {
        "node": ">=14.0.0"
      }
    },
    "node_modules/sass-embedded-android-riscv64": {
      "version": "1.78.0",
      "resolved": "https://registry.npmjs.org/sass-embedded-android-riscv64/-/sass-embedded-android-riscv64-1.78.0.tgz",
      "integrity": "sha512-wwajpsVRuhb7ixrkA3Yu60V2LtROYn45PIYeda30/MrMJi9k3xEqHLhodTexFm6wZoKclGSDZ6L9U5q0XyRKiQ==",
      "cpu": [
        "riscv64"
      ],
      "dev": true,
      "optional": true,
      "os": [
        "android"
      ],
      "engines": {
        "node": ">=14.0.0"
      }
    },
    "node_modules/sass-embedded-android-x64": {
      "version": "1.78.0",
      "resolved": "https://registry.npmjs.org/sass-embedded-android-x64/-/sass-embedded-android-x64-1.78.0.tgz",
      "integrity": "sha512-k5l66PO0LgSHMDbDzAQ/vqrXMlJ3r42ZHJA8MJvUbA6sQxTzDS381V7L+EhOATwyI225j2FhEeTHW6rr4WBQzA==",
      "cpu": [
        "x64"
      ],
      "dev": true,
      "optional": true,
      "os": [
        "android"
      ],
      "engines": {
        "node": ">=14.0.0"
      }
    },
    "node_modules/sass-embedded-darwin-arm64": {
      "version": "1.78.0",
      "resolved": "https://registry.npmjs.org/sass-embedded-darwin-arm64/-/sass-embedded-darwin-arm64-1.78.0.tgz",
      "integrity": "sha512-3JaxceFSR6N+a22hPYYkj1p45eBaWTt/M8MPTbfzU3TGZrU9bmRX7WlUVtXTo1yYI2iMf22nCv0PQ5ExFF3FMQ==",
      "cpu": [
        "arm64"
      ],
      "dev": true,
      "optional": true,
      "os": [
        "darwin"
      ],
      "engines": {
        "node": ">=14.0.0"
      }
    },
    "node_modules/sass-embedded-darwin-x64": {
      "version": "1.78.0",
      "resolved": "https://registry.npmjs.org/sass-embedded-darwin-x64/-/sass-embedded-darwin-x64-1.78.0.tgz",
      "integrity": "sha512-UMTijqE3fJ8vEaaD7GPG7G3GsHuPKOdpS8vuA2v2uwO3BPFp/rEKah66atvGqvGO+0JYApkSv0YTnnexSrkHIQ==",
      "cpu": [
        "x64"
      ],
      "dev": true,
      "optional": true,
      "os": [
        "darwin"
      ],
      "engines": {
        "node": ">=14.0.0"
      }
    },
    "node_modules/sass-embedded-linux-arm": {
      "version": "1.78.0",
      "resolved": "https://registry.npmjs.org/sass-embedded-linux-arm/-/sass-embedded-linux-arm-1.78.0.tgz",
      "integrity": "sha512-JafT+Co0RK8oO3g9TfVRuG7tkYeh35yDGTgqCFxLrktnkiw5pmIagCfpjxk5GBcSfJMOzhCgclTCDJWAuHGuMQ==",
      "cpu": [
        "arm"
      ],
      "dev": true,
      "optional": true,
      "os": [
        "linux"
      ],
      "engines": {
        "node": ">=14.0.0"
      }
    },
    "node_modules/sass-embedded-linux-arm64": {
      "version": "1.78.0",
      "resolved": "https://registry.npmjs.org/sass-embedded-linux-arm64/-/sass-embedded-linux-arm64-1.78.0.tgz",
      "integrity": "sha512-juMIMpp3DIAiQ842y+boqh0u2SjN4m3mDKrDfMuBznj8DSQoy9J/3e4hLh3g+p0/j83WuROu5nNoYxm2Xz8rww==",
      "cpu": [
        "arm64"
      ],
      "dev": true,
      "optional": true,
      "os": [
        "linux"
      ],
      "engines": {
        "node": ">=14.0.0"
      }
    },
    "node_modules/sass-embedded-linux-ia32": {
      "version": "1.78.0",
      "resolved": "https://registry.npmjs.org/sass-embedded-linux-ia32/-/sass-embedded-linux-ia32-1.78.0.tgz",
      "integrity": "sha512-Gy8GW5g6WX9t8CT2Dto5AL6ikB+pG7aAXWXvfu3RFHktixSwSbyy6CeGqSk1t0xyJCFkQQA/V8HU9bNdeHiBxg==",
      "cpu": [
        "ia32"
      ],
      "dev": true,
      "optional": true,
      "os": [
        "linux"
      ],
      "engines": {
        "node": ">=14.0.0"
      }
    },
    "node_modules/sass-embedded-linux-musl-arm": {
      "version": "1.78.0",
      "resolved": "https://registry.npmjs.org/sass-embedded-linux-musl-arm/-/sass-embedded-linux-musl-arm-1.78.0.tgz",
      "integrity": "sha512-DUVXtcsfsiOJ2Zwp4Y3T6KZWX8h0gWpzmFUrx+gSIbg67vV8Ww2DWMjWRwqLe7HOLTYBegMBYpMgMgZiPtXhIA==",
      "cpu": [
        "arm"
      ],
      "dev": true,
      "optional": true,
      "os": [
        "linux"
      ],
      "engines": {
        "node": ">=14.0.0"
      }
    },
    "node_modules/sass-embedded-linux-musl-arm64": {
      "version": "1.78.0",
      "resolved": "https://registry.npmjs.org/sass-embedded-linux-musl-arm64/-/sass-embedded-linux-musl-arm64-1.78.0.tgz",
      "integrity": "sha512-Lu/TlRHbe9aJY7B7PwWCJz7pTT5Rc50VkApWEmPiU/nu0mGbSpg0Xwar6pNeG8+98ubgKKdRb01N3bvclf5a4A==",
      "cpu": [
        "arm64"
      ],
      "dev": true,
      "optional": true,
      "os": [
        "linux"
      ],
      "engines": {
        "node": ">=14.0.0"
      }
    },
    "node_modules/sass-embedded-linux-musl-ia32": {
      "version": "1.78.0",
      "resolved": "https://registry.npmjs.org/sass-embedded-linux-musl-ia32/-/sass-embedded-linux-musl-ia32-1.78.0.tgz",
      "integrity": "sha512-1E5ywUnq6MRPAecr2r/vDOBr93wXyculEmfyF5JRG8mUufMaxGIhfx64OQE6Drjs+EDURcYZ+Qcg6/ubJWqhcw==",
      "cpu": [
        "ia32"
      ],
      "dev": true,
      "optional": true,
      "os": [
        "linux"
      ],
      "engines": {
        "node": ">=14.0.0"
      }
    },
    "node_modules/sass-embedded-linux-musl-riscv64": {
      "version": "1.78.0",
      "resolved": "https://registry.npmjs.org/sass-embedded-linux-musl-riscv64/-/sass-embedded-linux-musl-riscv64-1.78.0.tgz",
      "integrity": "sha512-YvQEvX7ctn5BwC79+HBagDYIciEkwcl2NLgoydmEsBO/0+ncMKSGnjsn/iRzErbq1KJNyjGEni8eSHlrtQI1vQ==",
      "cpu": [
        "riscv64"
      ],
      "dev": true,
      "optional": true,
      "os": [
        "linux"
      ],
      "engines": {
        "node": ">=14.0.0"
      }
    },
    "node_modules/sass-embedded-linux-musl-x64": {
      "version": "1.78.0",
      "resolved": "https://registry.npmjs.org/sass-embedded-linux-musl-x64/-/sass-embedded-linux-musl-x64-1.78.0.tgz",
      "integrity": "sha512-azdUcZZvZmtUBslIKr2/l4aQrTX7BvO96TD0GLdWz9vuXZrokYm09AJZEnb5j6Pk5I4Xr0yM6BG1Vgcbzqi5Zg==",
      "cpu": [
        "x64"
      ],
      "dev": true,
      "optional": true,
      "os": [
        "linux"
      ],
      "engines": {
        "node": ">=14.0.0"
      }
    },
    "node_modules/sass-embedded-linux-riscv64": {
      "version": "1.78.0",
      "resolved": "https://registry.npmjs.org/sass-embedded-linux-riscv64/-/sass-embedded-linux-riscv64-1.78.0.tgz",
      "integrity": "sha512-g8M6vqHMjZUoH9C1WJsgwu+qmwdJAAMDaJTM1emeAScUZMTaQGzm+Q6C5oSGnAGR3XLT/drgbHhbmruXDgkdeQ==",
      "cpu": [
        "riscv64"
      ],
      "dev": true,
      "optional": true,
      "os": [
        "linux"
      ],
      "engines": {
        "node": ">=14.0.0"
      }
    },
    "node_modules/sass-embedded-linux-x64": {
      "version": "1.78.0",
      "resolved": "https://registry.npmjs.org/sass-embedded-linux-x64/-/sass-embedded-linux-x64-1.78.0.tgz",
      "integrity": "sha512-m997ThzpMwql4u6LzZCoHPIQkgK6bbLPLc7ydemo2Wusqzh6j8XAGxVT5oANp6s2Dmj+yh49pKDozal+tzEX9w==",
      "cpu": [
        "x64"
      ],
      "dev": true,
      "optional": true,
      "os": [
        "linux"
      ],
      "engines": {
        "node": ">=14.0.0"
      }
    },
    "node_modules/sass-embedded-win32-arm64": {
      "version": "1.78.0",
      "resolved": "https://registry.npmjs.org/sass-embedded-win32-arm64/-/sass-embedded-win32-arm64-1.78.0.tgz",
      "integrity": "sha512-qTLIIC5URYRmeuYYllfoL0K1cHSUd+f3sFHAA6fjtdgf288usd6ToCbWpuFb0BtVceEfGQX8lEp+teOG7n7Quw==",
      "cpu": [
        "arm64"
      ],
      "dev": true,
      "optional": true,
      "os": [
        "win32"
      ],
      "engines": {
        "node": ">=14.0.0"
      }
    },
    "node_modules/sass-embedded-win32-ia32": {
      "version": "1.78.0",
      "resolved": "https://registry.npmjs.org/sass-embedded-win32-ia32/-/sass-embedded-win32-ia32-1.78.0.tgz",
      "integrity": "sha512-BrOWh18T6Y9xgCokGXElEnd8j03fO4W83bwJ9wHRRkrQWaeHtHs3XWW0fX1j2brngWUTjU+jcYUijWF1Z60krw==",
      "cpu": [
        "ia32"
      ],
      "dev": true,
      "optional": true,
      "os": [
        "win32"
      ],
      "engines": {
        "node": ">=14.0.0"
      }
    },
    "node_modules/sass-embedded-win32-x64": {
      "version": "1.78.0",
      "resolved": "https://registry.npmjs.org/sass-embedded-win32-x64/-/sass-embedded-win32-x64-1.78.0.tgz",
      "integrity": "sha512-C14iFDJd7oGhmQehRiEL7GtzMmLwubcDqsBarQ+u9LbHoDlUQfIPd7y8mVtNgtxJCdrAO/jc5qR4C+85yE3xPQ==",
      "cpu": [
        "x64"
      ],
      "dev": true,
      "optional": true,
      "os": [
        "win32"
      ],
      "engines": {
        "node": ">=14.0.0"
      }
    },
    "node_modules/supports-color": {
      "version": "8.1.1",
      "resolved": "https://registry.npmjs.org/supports-color/-/supports-color-8.1.1.tgz",
      "integrity": "sha512-MpUEN2OodtUzxvKQl72cUF7RQ5EiHsGvSsVG0ia9c5RbWGL2CI4C7EpPS8UTBIplnlzZiNuV56w+FuNxy3ty2Q==",
      "dev": true,
      "dependencies": {
        "has-flag": "^4.0.0"
      },
      "engines": {
        "node": ">=10"
      },
      "funding": {
        "url": "https://github.com/chalk/supports-color?sponsor=1"
      }
    },
    "node_modules/tslib": {
      "version": "2.7.0",
      "resolved": "https://registry.npmjs.org/tslib/-/tslib-2.7.0.tgz",
      "integrity": "sha512-gLXCKdN1/j47AiHiOkJN69hJmcbGTHI0ImLmbYLHykhgeN0jVGola9yVjFgzCUklsZQMW55o+dW7IXv3RCXDzA==",
      "dev": true
    },
    "node_modules/varint": {
      "version": "6.0.0",
      "resolved": "https://registry.npmjs.org/varint/-/varint-6.0.0.tgz",
      "integrity": "sha512-cXEIW6cfr15lFv563k4GuVuW/fiwjknytD37jIOLSdSWuOI6WnO/oKwmP2FQTU2l01LP8/M5TSAJpzUaGe3uWg==",
      "dev": true
    }
  }
}
